// !$*UTF8*$!
{
	archiveVersion = 1;
	classes = {
	};
	objectVersion = 46;
	objects = {

/* Begin PBXBuildFile section */
		FD4EAC471A1E287000E9B8FF /* main.m in Sources */ = {isa = PBXBuildFile; fileRef = FD4EAC461A1E287000E9B8FF /* main.m */; };
		FD4EAC4A1A1E287000E9B8FF /* AppDelegate.m in Sources */ = {isa = PBXBuildFile; fileRef = FD4EAC491A1E287000E9B8FF /* AppDelegate.m */; };
		FD4EAC4D1A1E287000E9B8FF /* ViewController.m in Sources */ = {isa = PBXBuildFile; fileRef = FD4EAC4C1A1E287000E9B8FF /* ViewController.m */; };
		FD4EAC521A1E287000E9B8FF /* Images.xcassets in Resources */ = {isa = PBXBuildFile; fileRef = FD4EAC511A1E287000E9B8FF /* Images.xcassets */; };
		FD4EAC611A1E287000E9B8FF /* HypnosistaTests.m in Sources */ = {isa = PBXBuildFile; fileRef = FD4EAC601A1E287000E9B8FF /* HypnosistaTests.m */; };
		FD4EAC6C1A1E298600E9B8FF /* HypnosisView.m in Sources */ = {isa = PBXBuildFile; fileRef = FD4EAC6B1A1E298600E9B8FF /* HypnosisView.m */; };
		FD6C403E1A1E38680045ACB6 /* cat_png.png in Resources */ = {isa = PBXBuildFile; fileRef = FD6C403D1A1E38680045ACB6 /* cat_png.png */; };
/* End PBXBuildFile section */

/* Begin PBXContainerItemProxy section */
		FD4EAC5B1A1E287000E9B8FF /* PBXContainerItemProxy */ = {
			isa = PBXContainerItemProxy;
			containerPortal = FD4EAC391A1E286F00E9B8FF /* Project object */;
			proxyType = 1;
			remoteGlobalIDString = FD4EAC401A1E286F00E9B8FF;
			remoteInfo = Hypnosista;
		};
/* End PBXContainerItemProxy section */

/* Begin PBXFileReference section */
		FD4EAC411A1E287000E9B8FF /* Hypnosista.app */ = {isa = PBXFileReference; explicitFileType = wrapper.application; includeInIndex = 0; path = Hypnosista.app; sourceTree = BUILT_PRODUCTS_DIR; };
		FD4EAC451A1E287000E9B8FF /* Info.plist */ = {isa = PBXFileReference; lastKnownFileType = text.plist.xml; path = Info.plist; sourceTree = "<group>"; };
		FD4EAC461A1E287000E9B8FF /* main.m */ = {isa = PBXFileReference; lastKnownFileType = sourcecode.c.objc; path = main.m; sourceTree = "<group>"; };
		FD4EAC481A1E287000E9B8FF /* AppDelegate.h */ = {isa = PBXFileReference; lastKnownFileType = sourcecode.c.h; path = AppDelegate.h; sourceTree = "<group>"; };
		FD4EAC491A1E287000E9B8FF /* AppDelegate.m */ = {isa = PBXFileReference; lastKnownFileType = sourcecode.c.objc; path = AppDelegate.m; sourceTree = "<group>"; };
		FD4EAC4B1A1E287000E9B8FF /* ViewController.h */ = {isa = PBXFileReference; lastKnownFileType = sourcecode.c.h; path = ViewController.h; sourceTree = "<group>"; };
		FD4EAC4C1A1E287000E9B8FF /* ViewController.m */ = {isa = PBXFileReference; lastKnownFileType = sourcecode.c.objc; path = ViewController.m; sourceTree = "<group>"; };
		FD4EAC511A1E287000E9B8FF /* Images.xcassets */ = {isa = PBXFileReference; lastKnownFileType = folder.assetcatalog; path = Images.xcassets; sourceTree = "<group>"; };
		FD4EAC5A1A1E287000E9B8FF /* HypnosistaTests.xctest */ = {isa = PBXFileReference; explicitFileType = wrapper.cfbundle; includeInIndex = 0; path = HypnosistaTests.xctest; sourceTree = BUILT_PRODUCTS_DIR; };
		FD4EAC5F1A1E287000E9B8FF /* Info.plist */ = {isa = PBXFileReference; lastKnownFileType = text.plist.xml; path = Info.plist; sourceTree = "<group>"; };
		FD4EAC601A1E287000E9B8FF /* HypnosistaTests.m */ = {isa = PBXFileReference; lastKnownFileType = sourcecode.c.objc; path = HypnosistaTests.m; sourceTree = "<group>"; };
		FD4EAC6A1A1E298600E9B8FF /* HypnosisView.h */ = {isa = PBXFileReference; fileEncoding = 4; lastKnownFileType = sourcecode.c.h; name = HypnosisView.h; path = ../HypnosisView.h; sourceTree = "<group>"; };
		FD4EAC6B1A1E298600E9B8FF /* HypnosisView.m */ = {isa = PBXFileReference; fileEncoding = 4; lastKnownFileType = sourcecode.c.objc; name = HypnosisView.m; path = ../HypnosisView.m; sourceTree = "<group>"; };
		FD6C403D1A1E38680045ACB6 /* cat_png.png */ = {isa = PBXFileReference; lastKnownFileType = image.png; name = cat_png.png; path = ../../../../../Desktop/cat_png.png; sourceTree = "<group>"; };
/* End PBXFileReference section */

/* Begin PBXFrameworksBuildPhase section */
		FD4EAC3E1A1E286F00E9B8FF /* Frameworks */ = {
			isa = PBXFrameworksBuildPhase;
			buildActionMask = 2147483647;
			files = (
			);
			runOnlyForDeploymentPostprocessing = 0;
		};
		FD4EAC571A1E287000E9B8FF /* Frameworks */ = {
			isa = PBXFrameworksBuildPhase;
			buildActionMask = 2147483647;
			files = (
			);
			runOnlyForDeploymentPostprocessing = 0;
		};
/* End PBXFrameworksBuildPhase section */

/* Begin PBXGroup section */
		FD4EAC381A1E286F00E9B8FF = {
			isa = PBXGroup;
			children = (
				FD6C403D1A1E38680045ACB6 /* cat_png.png */,
				FD4EAC431A1E287000E9B8FF /* Hypnosista */,
				FD4EAC5D1A1E287000E9B8FF /* HypnosistaTests */,
				FD4EAC421A1E287000E9B8FF /* Products */,
			);
			sourceTree = "<group>";
		};
		FD4EAC421A1E287000E9B8FF /* Products */ = {
			isa = PBXGroup;
			children = (
				FD4EAC411A1E287000E9B8FF /* Hypnosista.app */,
				FD4EAC5A1A1E287000E9B8FF /* HypnosistaTests.xctest */,
			);
			name = Products;
			sourceTree = "<group>";
		};
		FD4EAC431A1E287000E9B8FF /* Hypnosista */ = {
			isa = PBXGroup;
			children = (
				FD4EAC6A1A1E298600E9B8FF /* HypnosisView.h */,
				FD4EAC6B1A1E298600E9B8FF /* HypnosisView.m */,
				FD4EAC481A1E287000E9B8FF /* AppDelegate.h */,
				FD4EAC491A1E287000E9B8FF /* AppDelegate.m */,
				FD4EAC4B1A1E287000E9B8FF /* ViewController.h */,
				FD4EAC4C1A1E287000E9B8FF /* ViewController.m */,
				FD4EAC511A1E287000E9B8FF /* Images.xcassets */,
				FD4EAC441A1E287000E9B8FF /* Supporting Files */,
			);
			path = Hypnosista;
			sourceTree = "<group>";
		};
		FD4EAC441A1E287000E9B8FF /* Supporting Files */ = {
			isa = PBXGroup;
			children = (
				FD4EAC451A1E287000E9B8FF /* Info.plist */,
				FD4EAC461A1E287000E9B8FF /* main.m */,
			);
			name = "Supporting Files";
			sourceTree = "<group>";
		};
		FD4EAC5D1A1E287000E9B8FF /* HypnosistaTests */ = {
			isa = PBXGroup;
			children = (
				FD4EAC601A1E287000E9B8FF /* HypnosistaTests.m */,
				FD4EAC5E1A1E287000E9B8FF /* Supporting Files */,
			);
			path = HypnosistaTests;
			sourceTree = "<group>";
		};
		FD4EAC5E1A1E287000E9B8FF /* Supporting Files */ = {
			isa = PBXGroup;
			children = (
				FD4EAC5F1A1E287000E9B8FF /* Info.plist */,
			);
			name = "Supporting Files";
			sourceTree = "<group>";
		};
/* End PBXGroup section */

/* Begin PBXNativeTarget section */
		FD4EAC401A1E286F00E9B8FF /* Hypnosista */ = {
			isa = PBXNativeTarget;
			buildConfigurationList = FD4EAC641A1E287000E9B8FF /* Build configuration list for PBXNativeTarget "Hypnosista" */;
			buildPhases = (
				FD4EAC3D1A1E286F00E9B8FF /* Sources */,
				FD4EAC3E1A1E286F00E9B8FF /* Frameworks */,
				FD4EAC3F1A1E286F00E9B8FF /* Resources */,
			);
			buildRules = (
			);
			dependencies = (
			);
			name = Hypnosista;
			productName = Hypnosista;
			productReference = FD4EAC411A1E287000E9B8FF /* Hypnosista.app */;
			productType = "com.apple.product-type.application";
		};
		FD4EAC591A1E287000E9B8FF /* HypnosistaTests */ = {
			isa = PBXNativeTarget;
			buildConfigurationList = FD4EAC671A1E287000E9B8FF /* Build configuration list for PBXNativeTarget "HypnosistaTests" */;
			buildPhases = (
				FD4EAC561A1E287000E9B8FF /* Sources */,
				FD4EAC571A1E287000E9B8FF /* Frameworks */,
				FD4EAC581A1E287000E9B8FF /* Resources */,
			);
			buildRules = (
			);
			dependencies = (
				FD4EAC5C1A1E287000E9B8FF /* PBXTargetDependency */,
			);
			name = HypnosistaTests;
			productName = HypnosistaTests;
			productReference = FD4EAC5A1A1E287000E9B8FF /* HypnosistaTests.xctest */;
			productType = "com.apple.product-type.bundle.unit-test";
		};
/* End PBXNativeTarget section */

/* Begin PBXProject section */
		FD4EAC391A1E286F00E9B8FF /* Project object */ = {
			isa = PBXProject;
			attributes = {
				LastUpgradeCheck = 0600;
				ORGANIZATIONNAME = "Big Nerd Ranch";
				TargetAttributes = {
					FD4EAC401A1E286F00E9B8FF = {
						CreatedOnToolsVersion = 6.0.1;
					};
					FD4EAC591A1E287000E9B8FF = {
						CreatedOnToolsVersion = 6.0.1;
						TestTargetID = FD4EAC401A1E286F00E9B8FF;
					};
				};
			};
			buildConfigurationList = FD4EAC3C1A1E286F00E9B8FF /* Build configuration list for PBXProject "Hypnosista" */;
			compatibilityVersion = "Xcode 3.2";
			developmentRegion = English;
			hasScannedForEncodings = 0;
			knownRegions = (
				en,
				Base,
			);
			mainGroup = FD4EAC381A1E286F00E9B8FF;
			productRefGroup = FD4EAC421A1E287000E9B8FF /* Products */;
			projectDirPath = "";
			projectRoot = "";
			targets = (
				FD4EAC401A1E286F00E9B8FF /* Hypnosista */,
				FD4EAC591A1E287000E9B8FF /* HypnosistaTests */,
			);
		};
/* End PBXProject section */

/* Begin PBXResourcesBuildPhase section */
		FD4EAC3F1A1E286F00E9B8FF /* Resources */ = {
			isa = PBXResourcesBuildPhase;
			buildActionMask = 2147483647;
			files = (
				FD6C403E1A1E38680045ACB6 /* cat_png.png in Resources */,
				FD4EAC521A1E287000E9B8FF /* Images.xcassets in Resources */,
			);
			runOnlyForDeploymentPostprocessing = 0;
		};
		FD4EAC581A1E287000E9B8FF /* Resources */ = {
			isa = PBXResourcesBuildPhase;
			buildActionMask = 2147483647;
			files = (
			);
			runOnlyForDeploymentPostprocessing = 0;
		};
/* End PBXResourcesBuildPhase section */

/* Begin PBXSourcesBuildPhase section */
		FD4EAC3D1A1E286F00E9B8FF /* Sources */ = {
			isa = PBXSourcesBuildPhase;
			buildActionMask = 2147483647;
			files = (
				FD4EAC4D1A1E287000E9B8FF /* ViewController.m in Sources */,
				FD4EAC6C1A1E298600E9B8FF /* HypnosisView.m in Sources */,
				FD4EAC4A1A1E287000E9B8FF /* AppDelegate.m in Sources */,
				FD4EAC471A1E287000E9B8FF /* main.m in Sources */,
			);
			runOnlyForDeploymentPostprocessing = 0;
		};
		FD4EAC561A1E287000E9B8FF /* Sources */ = {
			isa = PBXSourcesBuildPhase;
			buildActionMask = 2147483647;
			files = (
				FD4EAC611A1E287000E9B8FF /* HypnosistaTests.m in Sources */,
			);
			runOnlyForDeploymentPostprocessing = 0;
		};
/* End PBXSourcesBuildPhase section */

/* Begin PBXTargetDependency section */
		FD4EAC5C1A1E287000E9B8FF /* PBXTargetDependency */ = {
			isa = PBXTargetDependency;
			target = FD4EAC401A1E286F00E9B8FF /* Hypnosista */;
			targetProxy = FD4EAC5B1A1E287000E9B8FF /* PBXContainerItemProxy */;
		};
/* End PBXTargetDependency section */

/* Begin XCBuildConfiguration section */
		FD4EAC621A1E287000E9B8FF /* Debug */ = {
			isa = XCBuildConfiguration;
			buildSettings = {
				ALWAYS_SEARCH_USER_PATHS = NO;
				CLANG_CXX_LANGUAGE_STANDARD = "gnu++0x";
				CLANG_CXX_LIBRARY = "libc++";
				CLANG_ENABLE_MODULES = YES;
				CLANG_ENABLE_OBJC_ARC = YES;
				CLANG_WARN_BOOL_CONVERSION = YES;
				CLANG_WARN_CONSTANT_CONVERSION = YES;
				CLANG_WARN_DIRECT_OBJC_ISA_USAGE = YES_ERROR;
				CLANG_WARN_EMPTY_BODY = YES;
				CLANG_WARN_ENUM_CONVERSION = YES;
				CLANG_WARN_INT_CONVERSION = YES;
				CLANG_WARN_OBJC_ROOT_CLASS = YES_ERROR;
				CLANG_WARN_UNREACHABLE_CODE = YES;
				CLANG_WARN__DUPLICATE_METHOD_MATCH = YES;
				"CODE_SIGN_IDENTITY[sdk=iphoneos*]" = "iPhone Developer";
				COPY_PHASE_STRIP = NO;
				ENABLE_STRICT_OBJC_MSGSEND = YES;
				GCC_C_LANGUAGE_STANDARD = gnu99;
				GCC_DYNAMIC_NO_PIC = NO;
				GCC_OPTIMIZATION_LEVEL = 0;
				GCC_PREPROCESSOR_DEFINITIONS = (
					"DEBUG=1",
					"$(inherited)",
				);
				GCC_SYMBOLS_PRIVATE_EXTERN = NO;
				GCC_WARN_64_TO_32_BIT_CONVERSION = YES;
				GCC_WARN_ABOUT_RETURN_TYPE = YES_ERROR;
				GCC_WARN_UNDECLARED_SELECTOR = YES;
				GCC_WARN_UNINITIALIZED_AUTOS = YES_AGGRESSIVE;
				GCC_WARN_UNUSED_FUNCTION = YES;
				GCC_WARN_UNUSED_VARIABLE = YES;
				IPHONEOS_DEPLOYMENT_TARGET = 8.0;
				MTL_ENABLE_DEBUG_INFO = YES;
				ONLY_ACTIVE_ARCH = YES;
				SDKROOT = iphoneos;
			};
			name = Debug;
		};
		FD4EAC631A1E287000E9B8FF /* Release */ = {
			isa = XCBuildConfiguration;
			buildSettings = {
				ALWAYS_SEARCH_USER_PATHS = NO;
				CLANG_CXX_LANGUAGE_STANDARD = "gnu++0x";
				CLANG_CXX_LIBRARY = "libc++";
				CLANG_ENABLE_MODULES = YES;
				CLANG_ENABLE_OBJC_ARC = YES;
				CLANG_WARN_BOOL_CONVERSION = YES;
				CLANG_WARN_CONSTANT_CONVERSION = YES;
				CLANG_WARN_DIRECT_OBJC_ISA_USAGE = YES_ERROR;
				CLANG_WARN_EMPTY_BODY = YES;
				CLANG_WARN_ENUM_CONVERSION = YES;
				CLANG_WARN_INT_CONVERSION = YES;
				CLANG_WARN_OBJC_ROOT_CLASS = YES_ERROR;
				CLANG_WARN_UNREACHABLE_CODE = YES;
				CLANG_WARN__DUPLICATE_METHOD_MATCH = YES;
				"CODE_SIGN_IDENTITY[sdk=iphoneos*]" = "iPhone Developer";
				COPY_PHASE_STRIP = YES;
				ENABLE_NS_ASSERTIONS = NO;
				ENABLE_STRICT_OBJC_MSGSEND = YES;
				GCC_C_LANGUAGE_STANDARD = gnu99;
				GCC_WARN_64_TO_32_BIT_CONVERSION = YES;
				GCC_WARN_ABOUT_RETURN_TYPE = YES_ERROR;
				GCC_WARN_UNDECLARED_SELECTOR = YES;
				GCC_WARN_UNINITIALIZED_AUTOS = YES_AGGRESSIVE;
				GCC_WARN_UNUSED_FUNCTION = YES;
				GCC_WARN_UNUSED_VARIABLE = YES;
				IPHONEOS_DEPLOYMENT_TARGET = 8.0;
				MTL_ENABLE_DEBUG_INFO = NO;
				SDKROOT = iphoneos;
				VALIDATE_PRODUCT = YES;
			};
			name = Release;
		};
		FD4EAC651A1E287000E9B8FF /* Debug */ = {
			isa = XCBuildConfiguration;
			buildSettings = {
				ASSETCATALOG_COMPILER_APPICON_NAME = AppIcon;
				INFOPLIST_FILE = Hypnosista/Info.plist;
				LD_RUNPATH_SEARCH_PATHS = "$(inherited) @executable_path/Frameworks";
				PRODUCT_NAME = "$(TARGET_NAME)";
			};
			name = Debug;
		};
		FD4EAC661A1E287000E9B8FF /* Release */ = {
			isa = XCBuildConfiguration;
			buildSettings = {
				ASSETCATALOG_COMPILER_APPICON_NAME = AppIcon;
				INFOPLIST_FILE = Hypnosista/Info.plist;
				LD_RUNPATH_SEARCH_PATHS = "$(inherited) @executable_path/Frameworks";
				PRODUCT_NAME = "$(TARGET_NAME)";
			};
			name = Release;
		};
		FD4EAC681A1E287000E9B8FF /* Debug */ = {
			isa = XCBuildConfiguration;
			buildSettings = {
				BUNDLE_LOADER = "$(TEST_HOST)";
				FRAMEWORK_SEARCH_PATHS = (
					"$(SDKROOT)/Developer/Library/Frameworks",
					"$(inherited)",
				);
				GCC_PREPROCESSOR_DEFINITIONS = (
					"DEBUG=1",
					"$(inherited)",
				);
				INFOPLIST_FILE = HypnosistaTests/Info.plist;
				LD_RUNPATH_SEARCH_PATHS = "$(inherited) @executable_path/Frameworks @loader_path/Frameworks";
				PRODUCT_NAME = "$(TARGET_NAME)";
				TEST_HOST = "$(BUILT_PRODUCTS_DIR)/Hypnosista.app/Hypnosista";
			};
			name = Debug;
		};
		FD4EAC691A1E287000E9B8FF /* Release */ = {
			isa = XCBuildConfiguration;
			buildSettings = {
				BUNDLE_LOADER = "$(TEST_HOST)";
				FRAMEWORK_SEARCH_PATHS = (
					"$(SDKROOT)/Developer/Library/Frameworks",
					"$(inherited)",
				);
				INFOPLIST_FILE = HypnosistaTests/Info.plist;
				LD_RUNPATH_SEARCH_PATHS = "$(inherited) @executable_path/Frameworks @loader_path/Frameworks";
				PRODUCT_NAME = "$(TARGET_NAME)";
				TEST_HOST = "$(BUILT_PRODUCTS_DIR)/Hypnosista.app/Hypnosista";
			};
			name = Release;
		};
/* End XCBuildConfiguration section */

/* Begin XCConfigurationList section */
		FD4EAC3C1A1E286F00E9B8FF /* Build configuration list for PBXProject "Hypnosista" */ = {
			isa = XCConfigurationList;
			buildConfigurations = (
				FD4EAC621A1E287000E9B8FF /* Debug */,
				FD4EAC631A1E287000E9B8FF /* Release */,
			);
			defaultConfigurationIsVisible = 0;
			defaultConfigurationName = Release;
		};
		FD4EAC641A1E287000E9B8FF /* Build configuration list for PBXNativeTarget "Hypnosista" */ = {
			isa = XCConfigurationList;
			buildConfigurations = (
				FD4EAC651A1E287000E9B8FF /* Debug */,
				FD4EAC661A1E287000E9B8FF /* Release */,
			);
			defaultConfigurationIsVisible = 0;
			defaultConfigurationName = Release;
		};
		FD4EAC671A1E287000E9B8FF /* Build configuration list for PBXNativeTarget "HypnosistaTests" */ = {
			isa = XCConfigurationList;
			buildConfigurations = (
				FD4EAC681A1E287000E9B8FF /* Debug */,
				FD4EAC691A1E287000E9B8FF /* Release */,
			);
			defaultConfigurationIsVisible = 0;
			defaultConfigurationName = Release;
		};
/* End XCConfigurationList section */
	};
	rootObject = FD4EAC391A1E286F00E9B8FF /* Project object */;
}
